<?xml version="1.0" encoding="UTF-8"?>
<!DOCTYPE plist PUBLIC "-//Apple//DTD PLIST 1.0//EN" "http://www.apple.com/DTDs/PropertyList-1.0.dtd">
<plist version="1.0">
<dict>
	<key>archiveVersion</key>
	<string>1</string>
	<key>classes</key>
	<dict/>
	<key>objectVersion</key>
	<string>46</string>
	<key>objects</key>
	<dict>
		<key>0A2394B515BEEAB70070DA80</key>
		<dict>
			<key>children</key>
			<array>
				<string>0A2394CA15BEEAB80070DA80</string>
				<string>0A2394EB15BEEAB80070DA80</string>
				<string>0A2394C315BEEAB80070DA80</string>
				<string>0A2394C115BEEAB80070DA80</string>
				<string>CDEF21B99DE14B7C99F7B9D5</string>
			</array>
			<key>isa</key>
			<string>PBXGroup</string>
			<key>sourceTree</key>
			<string>&lt;group&gt;</string>
		</dict>
		<key>0A2394B715BEEAB70070DA80</key>
		<dict>
			<key>attributes</key>
			<dict>
				<key>LastUpgradeCheck</key>
				<string>0420</string>
				<key>ORGANIZATIONNAME</key>
				<string>card.io</string>
			</dict>
			<key>buildConfigurationList</key>
			<string>0A2394BA15BEEAB70070DA80</string>
			<key>compatibilityVersion</key>
			<string>Xcode 3.2</string>
			<key>developmentRegion</key>
			<string>English</string>
			<key>hasScannedForEncodings</key>
			<string>0</string>
			<key>isa</key>
			<string>PBXProject</string>
			<key>knownRegions</key>
			<array>
				<string>en</string>
			</array>
			<key>mainGroup</key>
			<string>0A2394B515BEEAB70070DA80</string>
			<key>productRefGroup</key>
			<string>0A2394C115BEEAB80070DA80</string>
			<key>projectDirPath</key>
			<string></string>
			<key>projectRoot</key>
			<string></string>
			<key>targets</key>
			<array>
				<string>0A2394BF15BEEAB80070DA80</string>
				<string>0A2394E315BEEAB80070DA80</string>
			</array>
		</dict>
		<key>0A2394BA15BEEAB70070DA80</key>
		<dict>
			<key>buildConfigurations</key>
			<array>
				<string>0A2394F415BEEAB80070DA80</string>
				<string>0A2394F515BEEAB80070DA80</string>
			</array>
			<key>defaultConfigurationIsVisible</key>
			<string>0</string>
			<key>defaultConfigurationName</key>
			<string>Release</string>
			<key>isa</key>
			<string>XCConfigurationList</string>
		</dict>
		<key>0A2394BC15BEEAB80070DA80</key>
		<dict>
			<key>buildActionMask</key>
			<string>2147483647</string>
			<key>files</key>
			<array>
				<string>0A2394D115BEEAB80070DA80</string>
				<string>0A2394D515BEEAB80070DA80</string>
				<string>0A2394DE15BEEAB80070DA80</string>
			</array>
			<key>isa</key>
			<string>PBXSourcesBuildPhase</string>
			<key>runOnlyForDeploymentPostprocessing</key>
			<string>0</string>
		</dict>
		<key>0A2394BD15BEEAB80070DA80</key>
		<dict>
			<key>buildActionMask</key>
			<string>2147483647</string>
			<key>files</key>
			<array>
				<string>0A2394C515BEEAB80070DA80</string>
				<string>0A2394C715BEEAB80070DA80</string>
				<string>0A2394C915BEEAB80070DA80</string>
				<string>2B973768C1A24F13A3D16B74</string>
			</array>
			<key>isa</key>
			<string>PBXFrameworksBuildPhase</string>
			<key>runOnlyForDeploymentPostprocessing</key>
			<string>0</string>
		</dict>
		<key>0A2394BE15BEEAB80070DA80</key>
		<dict>
			<key>buildActionMask</key>
			<string>2147483647</string>
			<key>files</key>
			<array>
				<string>0A2394CF15BEEAB80070DA80</string>
				<string>0A2394D815BEEAB80070DA80</string>
				<string>0A2394DB15BEEAB80070DA80</string>
			</array>
			<key>isa</key>
			<string>PBXResourcesBuildPhase</string>
			<key>runOnlyForDeploymentPostprocessing</key>
			<string>0</string>
		</dict>
		<key>0A2394BF15BEEAB80070DA80</key>
		<dict>
			<key>buildConfigurationList</key>
			<string>0A2394F615BEEAB80070DA80</string>
			<key>buildPhases</key>
			<array>
				<string>0A2394BC15BEEAB80070DA80</string>
				<string>0A2394BD15BEEAB80070DA80</string>
				<string>0A2394BE15BEEAB80070DA80</string>
				<string>6DFB2AEEC99A415C9AA28CCA</string>
			</array>
			<key>buildRules</key>
			<array/>
			<key>dependencies</key>
			<array/>
			<key>isa</key>
			<string>PBXNativeTarget</string>
			<key>name</key>
			<string>podstest</string>
			<key>productName</key>
			<string>podstest</string>
			<key>productReference</key>
			<string>0A2394C015BEEAB80070DA80</string>
			<key>productType</key>
			<string>com.apple.product-type.application</string>
		</dict>
		<key>0A2394C015BEEAB80070DA80</key>
		<dict>
			<key>explicitFileType</key>
			<string>wrapper.application</string>
			<key>includeInIndex</key>
			<string>0</string>
			<key>isa</key>
			<string>PBXFileReference</string>
			<key>name</key>
			<string>podstest.app</string>
			<key>path</key>
			<string>podstest.app</string>
			<key>sourceTree</key>
			<string>BUILT_PRODUCTS_DIR</string>
		</dict>
		<key>0A2394C115BEEAB80070DA80</key>
		<dict>
			<key>children</key>
			<array>
				<string>0A2394C015BEEAB80070DA80</string>
				<string>0A2394E415BEEAB80070DA80</string>
			</array>
			<key>isa</key>
			<string>PBXGroup</string>
			<key>name</key>
			<string>Products</string>
			<key>sourceTree</key>
			<string>&lt;group&gt;</string>
		</dict>
		<key>0A2394C315BEEAB80070DA80</key>
		<dict>
			<key>children</key>
			<array>
				<string>0A2394C415BEEAB80070DA80</string>
				<string>0A2394C615BEEAB80070DA80</string>
				<string>0A2394C815BEEAB80070DA80</string>
				<string>0A2394E515BEEAB80070DA80</string>
				<string>364585E5664D466BB74BF871</string>
			</array>
			<key>isa</key>
			<string>PBXGroup</string>
			<key>name</key>
			<string>Frameworks</string>
			<key>sourceTree</key>
			<string>&lt;group&gt;</string>
		</dict>
		<key>0A2394C415BEEAB80070DA80</key>
		<dict>
			<key>includeInIndex</key>
			<string>1</string>
			<key>isa</key>
			<string>PBXFileReference</string>
			<key>lastKnownFileType</key>
			<string>wrapper.framework</string>
			<key>name</key>
			<string>UIKit.framework</string>
			<key>path</key>
			<string>System/Library/Frameworks/UIKit.framework</string>
			<key>sourceTree</key>
			<string>SDKROOT</string>
		</dict>
		<key>0A2394C515BEEAB80070DA80</key>
		<dict>
			<key>fileRef</key>
			<string>0A2394C415BEEAB80070DA80</string>
			<key>isa</key>
			<string>PBXBuildFile</string>
		</dict>
		<key>0A2394C615BEEAB80070DA80</key>
		<dict>
			<key>includeInIndex</key>
			<string>1</string>
			<key>isa</key>
			<string>PBXFileReference</string>
			<key>lastKnownFileType</key>
			<string>wrapper.framework</string>
			<key>name</key>
			<string>Foundation.framework</string>
			<key>path</key>
			<string>System/Library/Frameworks/Foundation.framework</string>
			<key>sourceTree</key>
			<string>SDKROOT</string>
		</dict>
		<key>0A2394C715BEEAB80070DA80</key>
		<dict>
			<key>fileRef</key>
			<string>0A2394C615BEEAB80070DA80</string>
			<key>isa</key>
			<string>PBXBuildFile</string>
		</dict>
		<key>0A2394C815BEEAB80070DA80</key>
		<dict>
			<key>includeInIndex</key>
			<string>1</string>
			<key>isa</key>
			<string>PBXFileReference</string>
			<key>lastKnownFileType</key>
			<string>wrapper.framework</string>
			<key>name</key>
			<string>CoreGraphics.framework</string>
			<key>path</key>
			<string>System/Library/Frameworks/CoreGraphics.framework</string>
			<key>sourceTree</key>
			<string>SDKROOT</string>
		</dict>
		<key>0A2394C915BEEAB80070DA80</key>
		<dict>
			<key>fileRef</key>
			<string>0A2394C815BEEAB80070DA80</string>
			<key>isa</key>
			<string>PBXBuildFile</string>
		</dict>
		<key>0A2394CA15BEEAB80070DA80</key>
		<dict>
			<key>children</key>
			<array>
				<string>0A2394D315BEEAB80070DA80</string>
				<string>0A2394D415BEEAB80070DA80</string>
				<string>0A2394D615BEEAB80070DA80</string>
				<string>0A2394D915BEEAB80070DA80</string>
				<string>0A2394DC15BEEAB80070DA80</string>
				<string>0A2394DD15BEEAB80070DA80</string>
				<string>0A2394CB15BEEAB80070DA80</string>
			</array>
			<key>isa</key>
			<string>PBXGroup</string>
			<key>path</key>
			<string>podstest</string>
			<key>sourceTree</key>
			<string>&lt;group&gt;</string>
		</dict>
		<key>0A2394CB15BEEAB80070DA80</key>
		<dict>
			<key>children</key>
			<array>
				<string>0A2394CC15BEEAB80070DA80</string>
				<string>0A2394CD15BEEAB80070DA80</string>
				<string>0A2394D015BEEAB80070DA80</string>
				<string>0A2394D215BEEAB80070DA80</string>
			</array>
			<key>isa</key>
			<string>PBXGroup</string>
			<key>name</key>
			<string>Supporting Files</string>
			<key>sourceTree</key>
			<string>&lt;group&gt;</string>
		</dict>
		<key>0A2394CC15BEEAB80070DA80</key>
		<dict>
			<key>isa</key>
			<string>PBXFileReference</string>
			<key>lastKnownFileType</key>
			<string>text.plist.xml</string>
			<key>path</key>
			<string>podstest-Info.plist</string>
			<key>sourceTree</key>
			<string>&lt;group&gt;</string>
		</dict>
		<key>0A2394CD15BEEAB80070DA80</key>
		<dict>
			<key>children</key>
			<array>
				<string>0A2394CE15BEEAB80070DA80</string>
			</array>
			<key>isa</key>
			<string>PBXVariantGroup</string>
			<key>name</key>
			<string>InfoPlist.strings</string>
			<key>sourceTree</key>
			<string>&lt;group&gt;</string>
		</dict>
		<key>0A2394CE15BEEAB80070DA80</key>
		<dict>
			<key>isa</key>
			<string>PBXFileReference</string>
			<key>lastKnownFileType</key>
			<string>text.plist.strings</string>
			<key>name</key>
			<string>en</string>
			<key>path</key>
			<string>en.lproj/InfoPlist.strings</string>
			<key>sourceTree</key>
			<string>&lt;group&gt;</string>
		</dict>
		<key>0A2394CF15BEEAB80070DA80</key>
		<dict>
			<key>fileRef</key>
			<string>0A2394CD15BEEAB80070DA80</string>
			<key>isa</key>
			<string>PBXBuildFile</string>
		</dict>
		<key>0A2394D015BEEAB80070DA80</key>
		<dict>
			<key>isa</key>
			<string>PBXFileReference</string>
			<key>lastKnownFileType</key>
			<string>sourcecode.c.objc</string>
			<key>path</key>
			<string>main.m</string>
			<key>sourceTree</key>
			<string>&lt;group&gt;</string>
		</dict>
		<key>0A2394D115BEEAB80070DA80</key>
		<dict>
			<key>fileRef</key>
			<string>0A2394D015BEEAB80070DA80</string>
			<key>isa</key>
			<string>PBXBuildFile</string>
		</dict>
		<key>0A2394D215BEEAB80070DA80</key>
		<dict>
			<key>isa</key>
			<string>PBXFileReference</string>
			<key>lastKnownFileType</key>
			<string>sourcecode.c.h</string>
			<key>path</key>
			<string>podstest-Prefix.pch</string>
			<key>sourceTree</key>
			<string>&lt;group&gt;</string>
		</dict>
		<key>0A2394D315BEEAB80070DA80</key>
		<dict>
			<key>isa</key>
			<string>PBXFileReference</string>
			<key>lastKnownFileType</key>
			<string>sourcecode.c.h</string>
			<key>path</key>
			<string>AppDelegate.h</string>
			<key>sourceTree</key>
			<string>&lt;group&gt;</string>
		</dict>
		<key>0A2394D415BEEAB80070DA80</key>
		<dict>
			<key>isa</key>
			<string>PBXFileReference</string>
			<key>lastKnownFileType</key>
			<string>sourcecode.c.objc</string>
			<key>path</key>
			<string>AppDelegate.m</string>
			<key>sourceTree</key>
			<string>&lt;group&gt;</string>
		</dict>
		<key>0A2394D515BEEAB80070DA80</key>
		<dict>
			<key>fileRef</key>
			<string>0A2394D415BEEAB80070DA80</string>
			<key>isa</key>
			<string>PBXBuildFile</string>
		</dict>
		<key>0A2394D615BEEAB80070DA80</key>
		<dict>
			<key>children</key>
			<array>
				<string>0A2394D715BEEAB80070DA80</string>
			</array>
			<key>isa</key>
			<string>PBXVariantGroup</string>
			<key>name</key>
			<string>MainStoryboard_iPhone.storyboard</string>
			<key>sourceTree</key>
			<string>&lt;group&gt;</string>
		</dict>
		<key>0A2394D715BEEAB80070DA80</key>
		<dict>
			<key>isa</key>
			<string>PBXFileReference</string>
			<key>lastKnownFileType</key>
			<string>file.storyboard</string>
			<key>name</key>
			<string>en</string>
			<key>path</key>
			<string>en.lproj/MainStoryboard_iPhone.storyboard</string>
			<key>sourceTree</key>
			<string>&lt;group&gt;</string>
		</dict>
		<key>0A2394D815BEEAB80070DA80</key>
		<dict>
			<key>fileRef</key>
			<string>0A2394D615BEEAB80070DA80</string>
			<key>isa</key>
			<string>PBXBuildFile</string>
		</dict>
		<key>0A2394D915BEEAB80070DA80</key>
		<dict>
			<key>children</key>
			<array>
				<string>0A2394DA15BEEAB80070DA80</string>
			</array>
			<key>isa</key>
			<string>PBXVariantGroup</string>
			<key>name</key>
			<string>MainStoryboard_iPad.storyboard</string>
			<key>sourceTree</key>
			<string>&lt;group&gt;</string>
		</dict>
		<key>0A2394DA15BEEAB80070DA80</key>
		<dict>
			<key>isa</key>
			<string>PBXFileReference</string>
			<key>lastKnownFileType</key>
			<string>file.storyboard</string>
			<key>name</key>
			<string>en</string>
			<key>path</key>
			<string>en.lproj/MainStoryboard_iPad.storyboard</string>
			<key>sourceTree</key>
			<string>&lt;group&gt;</string>
		</dict>
		<key>0A2394DB15BEEAB80070DA80</key>
		<dict>
			<key>fileRef</key>
			<string>0A2394D915BEEAB80070DA80</string>
			<key>isa</key>
			<string>PBXBuildFile</string>
		</dict>
		<key>0A2394DC15BEEAB80070DA80</key>
		<dict>
			<key>isa</key>
			<string>PBXFileReference</string>
			<key>lastKnownFileType</key>
			<string>sourcecode.c.h</string>
			<key>path</key>
			<string>ViewController.h</string>
			<key>sourceTree</key>
			<string>&lt;group&gt;</string>
		</dict>
		<key>0A2394DD15BEEAB80070DA80</key>
		<dict>
			<key>isa</key>
			<string>PBXFileReference</string>
			<key>lastKnownFileType</key>
			<string>sourcecode.c.objc</string>
			<key>path</key>
			<string>ViewController.m</string>
			<key>sourceTree</key>
			<string>&lt;group&gt;</string>
		</dict>
		<key>0A2394DE15BEEAB80070DA80</key>
		<dict>
			<key>fileRef</key>
			<string>0A2394DD15BEEAB80070DA80</string>
			<key>isa</key>
			<string>PBXBuildFile</string>
		</dict>
		<key>0A2394DF15BEEAB80070DA80</key>
		<dict>
			<key>buildActionMask</key>
			<string>2147483647</string>
			<key>files</key>
			<array>
				<string>0A2394F315BEEAB80070DA80</string>
			</array>
			<key>isa</key>
			<string>PBXSourcesBuildPhase</string>
			<key>runOnlyForDeploymentPostprocessing</key>
			<string>0</string>
		</dict>
		<key>0A2394E015BEEAB80070DA80</key>
		<dict>
			<key>buildActionMask</key>
			<string>2147483647</string>
			<key>files</key>
			<array>
				<string>0A2394E615BEEAB80070DA80</string>
				<string>0A2394E715BEEAB80070DA80</string>
				<string>0A2394E815BEEAB80070DA80</string>
			</array>
			<key>isa</key>
			<string>PBXFrameworksBuildPhase</string>
			<key>runOnlyForDeploymentPostprocessing</key>
			<string>0</string>
		</dict>
		<key>0A2394E115BEEAB80070DA80</key>
		<dict>
			<key>buildActionMask</key>
			<string>2147483647</string>
			<key>files</key>
			<array>
				<string>0A2394F015BEEAB80070DA80</string>
			</array>
			<key>isa</key>
			<string>PBXResourcesBuildPhase</string>
			<key>runOnlyForDeploymentPostprocessing</key>
			<string>0</string>
		</dict>
		<key>0A2394E215BEEAB80070DA80</key>
		<dict>
			<key>buildActionMask</key>
			<string>2147483647</string>
			<key>files</key>
			<array/>
			<key>inputPaths</key>
			<array/>
			<key>isa</key>
			<string>PBXShellScriptBuildPhase</string>
			<key>outputPaths</key>
			<array/>
			<key>runOnlyForDeploymentPostprocessing</key>
			<string>0</string>
			<key>shellPath</key>
			<string>/bin/sh</string>
			<key>shellScript</key>
			<string># Run the unit tests in this test bundle.
"${SYSTEM_DEVELOPER_DIR}/Tools/RunUnitTests"
</string>
		</dict>
		<key>0A2394E315BEEAB80070DA80</key>
		<dict>
			<key>buildConfigurationList</key>
			<string>0A2394F915BEEAB80070DA80</string>
			<key>buildPhases</key>
			<array>
				<string>0A2394DF15BEEAB80070DA80</string>
				<string>0A2394E015BEEAB80070DA80</string>
				<string>0A2394E115BEEAB80070DA80</string>
				<string>0A2394E215BEEAB80070DA80</string>
			</array>
			<key>buildRules</key>
			<array/>
			<key>dependencies</key>
			<array>
				<string>0A2394EA15BEEAB80070DA80</string>
			</array>
			<key>isa</key>
			<string>PBXNativeTarget</string>
			<key>name</key>
			<string>podstestTests</string>
			<key>productName</key>
			<string>podstestTests</string>
			<key>productReference</key>
			<string>0A2394E415BEEAB80070DA80</string>
			<key>productType</key>
			<string>com.apple.product-type.bundle</string>
		</dict>
		<key>0A2394E415BEEAB80070DA80</key>
		<dict>
			<key>explicitFileType</key>
			<string>wrapper.cfbundle</string>
			<key>includeInIndex</key>
			<string>0</string>
			<key>isa</key>
			<string>PBXFileReference</string>
			<key>name</key>
			<string>podstestTests.octest</string>
			<key>path</key>
			<string>podstestTests.octest</string>
			<key>sourceTree</key>
			<string>BUILT_PRODUCTS_DIR</string>
		</dict>
		<key>0A2394E515BEEAB80070DA80</key>
		<dict>
			<key>isa</key>
			<string>PBXFileReference</string>
			<key>lastKnownFileType</key>
			<string>wrapper.framework</string>
			<key>name</key>
			<string>SenTestingKit.framework</string>
			<key>path</key>
			<string>Library/Frameworks/SenTestingKit.framework</string>
			<key>sourceTree</key>
			<string>DEVELOPER_DIR</string>
		</dict>
		<key>0A2394E615BEEAB80070DA80</key>
		<dict>
			<key>fileRef</key>
			<string>0A2394E515BEEAB80070DA80</string>
			<key>isa</key>
			<string>PBXBuildFile</string>
		</dict>
		<key>0A2394E715BEEAB80070DA80</key>
		<dict>
			<key>fileRef</key>
			<string>0A2394C415BEEAB80070DA80</string>
			<key>isa</key>
			<string>PBXBuildFile</string>
		</dict>
		<key>0A2394E815BEEAB80070DA80</key>
		<dict>
			<key>fileRef</key>
			<string>0A2394C615BEEAB80070DA80</string>
			<key>isa</key>
			<string>PBXBuildFile</string>
		</dict>
		<key>0A2394E915BEEAB80070DA80</key>
		<dict>
			<key>containerPortal</key>
			<string>0A2394B715BEEAB70070DA80</string>
			<key>isa</key>
			<string>PBXContainerItemProxy</string>
			<key>proxyType</key>
			<string>1</string>
			<key>remoteGlobalIDString</key>
			<string>0A2394BF15BEEAB80070DA80</string>
			<key>remoteInfo</key>
			<string>podstest</string>
		</dict>
		<key>0A2394EA15BEEAB80070DA80</key>
		<dict>
			<key>isa</key>
			<string>PBXTargetDependency</string>
			<key>target</key>
			<string>0A2394BF15BEEAB80070DA80</string>
			<key>targetProxy</key>
			<string>0A2394E915BEEAB80070DA80</string>
		</dict>
		<key>0A2394EB15BEEAB80070DA80</key>
		<dict>
			<key>children</key>
			<array>
				<string>0A2394F115BEEAB80070DA80</string>
				<string>0A2394F215BEEAB80070DA80</string>
				<string>0A2394EC15BEEAB80070DA80</string>
			</array>
			<key>isa</key>
			<string>PBXGroup</string>
			<key>path</key>
			<string>podstestTests</string>
			<key>sourceTree</key>
			<string>&lt;group&gt;</string>
		</dict>
		<key>0A2394EC15BEEAB80070DA80</key>
		<dict>
			<key>children</key>
			<array>
				<string>0A2394ED15BEEAB80070DA80</string>
				<string>0A2394EE15BEEAB80070DA80</string>
			</array>
			<key>isa</key>
			<string>PBXGroup</string>
			<key>name</key>
			<string>Supporting Files</string>
			<key>sourceTree</key>
			<string>&lt;group&gt;</string>
		</dict>
		<key>0A2394ED15BEEAB80070DA80</key>
		<dict>
			<key>isa</key>
			<string>PBXFileReference</string>
			<key>lastKnownFileType</key>
			<string>text.plist.xml</string>
			<key>path</key>
			<string>podstestTests-Info.plist</string>
			<key>sourceTree</key>
			<string>&lt;group&gt;</string>
		</dict>
		<key>0A2394EE15BEEAB80070DA80</key>
		<dict>
			<key>children</key>
			<array>
				<string>0A2394EF15BEEAB80070DA80</string>
			</array>
			<key>isa</key>
			<string>PBXVariantGroup</string>
			<key>name</key>
			<string>InfoPlist.strings</string>
			<key>sourceTree</key>
			<string>&lt;group&gt;</string>
		</dict>
		<key>0A2394EF15BEEAB80070DA80</key>
		<dict>
			<key>isa</key>
			<string>PBXFileReference</string>
			<key>lastKnownFileType</key>
			<string>text.plist.strings</string>
			<key>name</key>
			<string>en</string>
			<key>path</key>
			<string>en.lproj/InfoPlist.strings</string>
			<key>sourceTree</key>
			<string>&lt;group&gt;</string>
		</dict>
		<key>0A2394F015BEEAB80070DA80</key>
		<dict>
			<key>fileRef</key>
			<string>0A2394EE15BEEAB80070DA80</string>
			<key>isa</key>
			<string>PBXBuildFile</string>
		</dict>
		<key>0A2394F115BEEAB80070DA80</key>
		<dict>
			<key>isa</key>
			<string>PBXFileReference</string>
			<key>lastKnownFileType</key>
			<string>sourcecode.c.h</string>
			<key>path</key>
			<string>podstestTests.h</string>
			<key>sourceTree</key>
			<string>&lt;group&gt;</string>
		</dict>
		<key>0A2394F215BEEAB80070DA80</key>
		<dict>
			<key>isa</key>
			<string>PBXFileReference</string>
			<key>lastKnownFileType</key>
			<string>sourcecode.c.objc</string>
			<key>path</key>
			<string>podstestTests.m</string>
			<key>sourceTree</key>
			<string>&lt;group&gt;</string>
		</dict>
		<key>0A2394F315BEEAB80070DA80</key>
		<dict>
			<key>fileRef</key>
			<string>0A2394F215BEEAB80070DA80</string>
			<key>isa</key>
			<string>PBXBuildFile</string>
		</dict>
		<key>0A2394F415BEEAB80070DA80</key>
		<dict>
			<key>buildSettings</key>
			<dict>
				<key>ALWAYS_SEARCH_USER_PATHS</key>
				<string>NO</string>
				<key>ARCHS</key>
				<string>$(ARCHS_STANDARD_32_BIT)</string>
				<key>CLANG_ENABLE_OBJC_ARC</key>
				<string>YES</string>
				<key>CODE_SIGN_IDENTITY[sdk=iphoneos*]</key>
				<string>iPhone Developer</string>
				<key>COPY_PHASE_STRIP</key>
				<string>NO</string>
				<key>GCC_C_LANGUAGE_STANDARD</key>
				<string>gnu99</string>
				<key>GCC_DYNAMIC_NO_PIC</key>
				<string>NO</string>
				<key>GCC_OPTIMIZATION_LEVEL</key>
				<string>0</string>
				<key>GCC_PREPROCESSOR_DEFINITIONS</key>
				<array>
					<string>DEBUG=1</string>
					<string>$(inherited)</string>
				</array>
				<key>GCC_SYMBOLS_PRIVATE_EXTERN</key>
				<string>NO</string>
				<key>GCC_VERSION</key>
				<string>com.apple.compilers.llvm.clang.1_0</string>
				<key>GCC_WARN_ABOUT_MISSING_PROTOTYPES</key>
				<string>YES</string>
				<key>GCC_WARN_ABOUT_RETURN_TYPE</key>
				<string>YES</string>
				<key>GCC_WARN_UNUSED_VARIABLE</key>
				<string>YES</string>
				<key>IPHONEOS_DEPLOYMENT_TARGET</key>
				<string>5.0</string>
				<key>SDKROOT</key>
				<string>iphoneos</string>
				<key>TARGETED_DEVICE_FAMILY</key>
				<string>1,2</string>
			</dict>
			<key>isa</key>
			<string>XCBuildConfiguration</string>
			<key>name</key>
			<string>Debug</string>
		</dict>
		<key>0A2394F515BEEAB80070DA80</key>
		<dict>
			<key>buildSettings</key>
			<dict>
				<key>ALWAYS_SEARCH_USER_PATHS</key>
				<string>NO</string>
				<key>ARCHS</key>
				<string>$(ARCHS_STANDARD_32_BIT)</string>
				<key>CLANG_ENABLE_OBJC_ARC</key>
				<string>YES</string>
				<key>CODE_SIGN_IDENTITY[sdk=iphoneos*]</key>
				<string>iPhone Developer</string>
				<key>COPY_PHASE_STRIP</key>
				<string>YES</string>
				<key>GCC_C_LANGUAGE_STANDARD</key>
				<string>gnu99</string>
				<key>GCC_VERSION</key>
				<string>com.apple.compilers.llvm.clang.1_0</string>
				<key>GCC_WARN_ABOUT_MISSING_PROTOTYPES</key>
				<string>YES</string>
				<key>GCC_WARN_ABOUT_RETURN_TYPE</key>
				<string>YES</string>
				<key>GCC_WARN_UNUSED_VARIABLE</key>
				<string>YES</string>
				<key>IPHONEOS_DEPLOYMENT_TARGET</key>
				<string>5.0</string>
				<key>OTHER_CFLAGS</key>
				<string>-DNS_BLOCK_ASSERTIONS=1</string>
				<key>SDKROOT</key>
				<string>iphoneos</string>
				<key>TARGETED_DEVICE_FAMILY</key>
				<string>1,2</string>
				<key>VALIDATE_PRODUCT</key>
				<string>YES</string>
			</dict>
			<key>isa</key>
			<string>XCBuildConfiguration</string>
			<key>name</key>
			<string>Release</string>
		</dict>
		<key>0A2394F615BEEAB80070DA80</key>
		<dict>
			<key>buildConfigurations</key>
			<array>
				<string>0A2394F715BEEAB80070DA80</string>
				<string>0A2394F815BEEAB80070DA80</string>
			</array>
			<key>defaultConfigurationIsVisible</key>
			<string>0</string>
			<key>isa</key>
			<string>XCConfigurationList</string>
		</dict>
		<key>0A2394F715BEEAB80070DA80</key>
		<dict>
			<key>baseConfigurationReference</key>
			<string>CDEF21B99DE14B7C99F7B9D5</string>
			<key>buildSettings</key>
			<dict>
				<key>GCC_PRECOMPILE_PREFIX_HEADER</key>
				<string>YES</string>
				<key>GCC_PREFIX_HEADER</key>
				<string>podstest/podstest-Prefix.pch</string>
				<key>INFOPLIST_FILE</key>
				<string>podstest/podstest-Info.plist</string>
				<key>PRODUCT_NAME</key>
				<string>$(TARGET_NAME)</string>
				<key>WRAPPER_EXTENSION</key>
				<string>app</string>
			</dict>
			<key>isa</key>
			<string>XCBuildConfiguration</string>
			<key>name</key>
			<string>Debug</string>
		</dict>
		<key>0A2394F815BEEAB80070DA80</key>
		<dict>
			<key>baseConfigurationReference</key>
			<string>CDEF21B99DE14B7C99F7B9D5</string>
			<key>buildSettings</key>
			<dict>
				<key>GCC_PRECOMPILE_PREFIX_HEADER</key>
				<string>YES</string>
				<key>GCC_PREFIX_HEADER</key>
				<string>podstest/podstest-Prefix.pch</string>
				<key>INFOPLIST_FILE</key>
				<string>podstest/podstest-Info.plist</string>
				<key>PRODUCT_NAME</key>
				<string>$(TARGET_NAME)</string>
				<key>WRAPPER_EXTENSION</key>
				<string>app</string>
			</dict>
			<key>isa</key>
			<string>XCBuildConfiguration</string>
			<key>name</key>
			<string>Release</string>
		</dict>
		<key>0A2394F915BEEAB80070DA80</key>
		<dict>
			<key>buildConfigurations</key>
			<array>
				<string>0A2394FA15BEEAB80070DA80</string>
				<string>0A2394FB15BEEAB80070DA80</string>
			</array>
			<key>defaultConfigurationIsVisible</key>
			<string>0</string>
			<key>isa</key>
			<string>XCConfigurationList</string>
		</dict>
		<key>0A2394FA15BEEAB80070DA80</key>
		<dict>
			<key>buildSettings</key>
			<dict>
				<key>BUNDLE_LOADER</key>
				<string>$(BUILT_PRODUCTS_DIR)/podstest.app/podstest</string>
				<key>FRAMEWORK_SEARCH_PATHS</key>
				<array>
					<string>$(SDKROOT)/Developer/Library/Frameworks</string>
					<string>$(DEVELOPER_LIBRARY_DIR)/Frameworks</string>
				</array>
				<key>GCC_PRECOMPILE_PREFIX_HEADER</key>
				<string>YES</string>
				<key>GCC_PREFIX_HEADER</key>
				<string>podstest/podstest-Prefix.pch</string>
				<key>INFOPLIST_FILE</key>
				<string>podstestTests/podstestTests-Info.plist</string>
				<key>PRODUCT_NAME</key>
				<string>$(TARGET_NAME)</string>
				<key>TEST_HOST</key>
				<string>$(BUNDLE_LOADER)</string>
				<key>WRAPPER_EXTENSION</key>
				<string>octest</string>
			</dict>
			<key>isa</key>
			<string>XCBuildConfiguration</string>
			<key>name</key>
			<string>Debug</string>
		</dict>
		<key>0A2394FB15BEEAB80070DA80</key>
		<dict>
			<key>buildSettings</key>
			<dict>
				<key>BUNDLE_LOADER</key>
				<string>$(BUILT_PRODUCTS_DIR)/podstest.app/podstest</string>
				<key>FRAMEWORK_SEARCH_PATHS</key>
				<array>
					<string>$(SDKROOT)/Developer/Library/Frameworks</string>
					<string>$(DEVELOPER_LIBRARY_DIR)/Frameworks</string>
				</array>
				<key>GCC_PRECOMPILE_PREFIX_HEADER</key>
				<string>YES</string>
				<key>GCC_PREFIX_HEADER</key>
				<string>podstest/podstest-Prefix.pch</string>
				<key>INFOPLIST_FILE</key>
				<string>podstestTests/podstestTests-Info.plist</string>
				<key>PRODUCT_NAME</key>
				<string>$(TARGET_NAME)</string>
				<key>TEST_HOST</key>
				<string>$(BUNDLE_LOADER)</string>
				<key>WRAPPER_EXTENSION</key>
				<string>octest</string>
			</dict>
			<key>isa</key>
			<string>XCBuildConfiguration</string>
			<key>name</key>
			<string>Release</string>
		</dict>
		<key>2B973768C1A24F13A3D16B74</key>
		<dict>
			<key>fileRef</key>
			<string>364585E5664D466BB74BF871</string>
			<key>isa</key>
			<string>PBXBuildFile</string>
		</dict>
		<key>364585E5664D466BB74BF871</key>
		<dict>
			<key>explicitFileType</key>
			<string>archive.ar</string>
			<key>includeInIndex</key>
			<string>0</string>
			<key>isa</key>
			<string>PBXFileReference</string>
			<key>name</key>
			<string>libPods.a</string>
			<key>path</key>
			<string>libPods.a</string>
			<key>sourceTree</key>
			<string>BUILT_PRODUCTS_DIR</string>
		</dict>
		<key>6DFB2AEEC99A415C9AA28CCA</key>
		<dict>
			<key>buildActionMask</key>
			<string>2147483647</string>
			<key>files</key>
			<array/>
			<key>inputPaths</key>
			<array/>
			<key>isa</key>
			<string>PBXShellScriptBuildPhase</string>
			<key>name</key>
			<string>Copy Pods Resources</string>
			<key>outputPaths</key>
			<array/>
			<key>runOnlyForDeploymentPostprocessing</key>
			<string>0</string>
			<key>shellPath</key>
			<string>/bin/sh</string>
			<key>shellScript</key>
			<string>"${SRCROOT}/Pods/Pods-resources.sh"
</string>
		</dict>
		<key>CDEF21B99DE14B7C99F7B9D5</key>
		<dict>
			<key>includeInIndex</key>
			<string>1</string>
			<key>isa</key>
			<string>PBXFileReference</string>
			<key>lastKnownFileType</key>
			<string>text.xcconfig</string>
			<key>name</key>
			<string>Pods.xcconfig</string>
			<key>path</key>
			<string>Pods/Pods.xcconfig</string>
			<key>sourceTree</key>
			<string>SOURCE_ROOT</string>
		</dict>
	</dict>
	<key>rootObject</key>
	<string>0A2394B715BEEAB70070DA80</string>
</dict>
</plist>
