// !$*UTF8*$!
{
	archiveVersion = 1;
	classes = {
	};
	objectVersion = 46;
	objects = {

/* Begin PBXBuildFile section */
		0A2394C515BEEAB80070DA80 /* UIKit.framework in Frameworks */ = {isa = PBXBuildFile; fileRef = 0A2394C415BEEAB80070DA80 /* UIKit.framework */; };
		0A2394C715BEEAB80070DA80 /* Foundation.framework in Frameworks */ = {isa = PBXBuildFile; fileRef = 0A2394C615BEEAB80070DA80 /* Foundation.framework */; };
		0A2394C915BEEAB80070DA80 /* CoreGraphics.framework in Frameworks */ = {isa = PBXBuildFile; fileRef = 0A2394C815BEEAB80070DA80 /* CoreGraphics.framework */; };
		0A2394CF15BEEAB80070DA80 /* InfoPlist.strings in Resources */ = {isa = PBXBuildFile; fileRef = 0A2394CD15BEEAB80070DA80 /* InfoPlist.strings */; };
		0A2394D115BEEAB80070DA80 /* main.m in Sources */ = {isa = PBXBuildFile; fileRef = 0A2394D015BEEAB80070DA80 /* main.m */; };
		0A2394D515BEEAB80070DA80 /* AppDelegate.m in Sources */ = {isa = PBXBuildFile; fileRef = 0A2394D415BEEAB80070DA80 /* AppDelegate.m */; };
		0A2394D815BEEAB80070DA80 /* MainStoryboard_iPhone.storyboard in Resources */ = {isa = PBXBuildFile; fileRef = 0A2394D615BEEAB80070DA80 /* MainStoryboard_iPhone.storyboard */; };
		0A2394DB15BEEAB80070DA80 /* MainStoryboard_iPad.storyboard in Resources */ = {isa = PBXBuildFile; fileRef = 0A2394D915BEEAB80070DA80 /* MainStoryboard_iPad.storyboard */; };
		0A2394DE15BEEAB80070DA80 /* ViewController.m in Sources */ = {isa = PBXBuildFile; fileRef = 0A2394DD15BEEAB80070DA80 /* ViewController.m */; };
		0A2394E615BEEAB80070DA80 /* SenTestingKit.framework in Frameworks */ = {isa = PBXBuildFile; fileRef = 0A2394E515BEEAB80070DA80 /* SenTestingKit.framework */; };
		0A2394E715BEEAB80070DA80 /* UIKit.framework in Frameworks */ = {isa = PBXBuildFile; fileRef = 0A2394C415BEEAB80070DA80 /* UIKit.framework */; };
		0A2394E815BEEAB80070DA80 /* Foundation.framework in Frameworks */ = {isa = PBXBuildFile; fileRef = 0A2394C615BEEAB80070DA80 /* Foundation.framework */; };
		0A2394F015BEEAB80070DA80 /* InfoPlist.strings in Resources */ = {isa = PBXBuildFile; fileRef = 0A2394EE15BEEAB80070DA80 /* InfoPlist.strings */; };
		0A2394F315BEEAB80070DA80 /* podstestTests.m in Sources */ = {isa = PBXBuildFile; fileRef = 0A2394F215BEEAB80070DA80 /* podstestTests.m */; };
		2B973768C1A24F13A3D16B74 /* libPods.a in Frameworks */ = {isa = PBXBuildFile; fileRef = 364585E5664D466BB74BF871 /* libPods.a */; };
/* End PBXBuildFile section */

/* Begin PBXContainerItemProxy section */
		0A2394E915BEEAB80070DA80 /* PBXContainerItemProxy */ = {
			isa = PBXContainerItemProxy;
			containerPortal = 0A2394B715BEEAB70070DA80 /* Project object */;
			proxyType = 1;
			remoteGlobalIDString = 0A2394BF15BEEAB80070DA80;
			remoteInfo = podstest;
		};
/* End PBXContainerItemProxy section */

/* Begin PBXFileReference section */
		0A2394C015BEEAB80070DA80 /* podstest.app */ = {isa = PBXFileReference; explicitFileType = wrapper.application; includeInIndex = 0; path = podstest.app; sourceTree = BUILT_PRODUCTS_DIR; };
		0A2394C415BEEAB80070DA80 /* UIKit.framework */ = {isa = PBXFileReference; includeInIndex = 1; lastKnownFileType = wrapper.framework; name = UIKit.framework; path = System/Library/Frameworks/UIKit.framework; sourceTree = SDKROOT; };
		0A2394C615BEEAB80070DA80 /* Foundation.framework */ = {isa = PBXFileReference; includeInIndex = 1; lastKnownFileType = wrapper.framework; name = Foundation.framework; path = System/Library/Frameworks/Foundation.framework; sourceTree = SDKROOT; };
		0A2394C815BEEAB80070DA80 /* CoreGraphics.framework */ = {isa = PBXFileReference; includeInIndex = 1; lastKnownFileType = wrapper.framework; name = CoreGraphics.framework; path = System/Library/Frameworks/CoreGraphics.framework; sourceTree = SDKROOT; };
		0A2394CC15BEEAB80070DA80 /* podstest-Info.plist */ = {isa = PBXFileReference; lastKnownFileType = text.plist.xml; path = "podstest-Info.plist"; sourceTree = "<group>"; };
		0A2394CE15BEEAB80070DA80 /* en */ = {isa = PBXFileReference; lastKnownFileType = text.plist.strings; name = en; path = en.lproj/InfoPlist.strings; sourceTree = "<group>"; };
		0A2394D015BEEAB80070DA80 /* main.m */ = {isa = PBXFileReference; lastKnownFileType = sourcecode.c.objc; path = main.m; sourceTree = "<group>"; };
		0A2394D215BEEAB80070DA80 /* podstest-Prefix.pch */ = {isa = PBXFileReference; lastKnownFileType = sourcecode.c.h; path = "podstest-Prefix.pch"; sourceTree = "<group>"; };
		0A2394D315BEEAB80070DA80 /* AppDelegate.h */ = {isa = PBXFileReference; lastKnownFileType = sourcecode.c.h; path = AppDelegate.h; sourceTree = "<group>"; };
		0A2394D415BEEAB80070DA80 /* AppDelegate.m */ = {isa = PBXFileReference; lastKnownFileType = sourcecode.c.objc; path = AppDelegate.m; sourceTree = "<group>"; };
		0A2394D715BEEAB80070DA80 /* en */ = {isa = PBXFileReference; lastKnownFileType = file.storyboard; name = en; path = en.lproj/MainStoryboard_iPhone.storyboard; sourceTree = "<group>"; };
		0A2394DA15BEEAB80070DA80 /* en */ = {isa = PBXFileReference; lastKnownFileType = file.storyboard; name = en; path = en.lproj/MainStoryboard_iPad.storyboard; sourceTree = "<group>"; };
		0A2394DC15BEEAB80070DA80 /* ViewController.h */ = {isa = PBXFileReference; lastKnownFileType = sourcecode.c.h; path = ViewController.h; sourceTree = "<group>"; };
		0A2394DD15BEEAB80070DA80 /* ViewController.m */ = {isa = PBXFileReference; lastKnownFileType = sourcecode.c.objc; path = ViewController.m; sourceTree = "<group>"; };
		0A2394E415BEEAB80070DA80 /* podstestTests.octest */ = {isa = PBXFileReference; explicitFileType = wrapper.cfbundle; includeInIndex = 0; path = podstestTests.octest; sourceTree = BUILT_PRODUCTS_DIR; };
		0A2394E515BEEAB80070DA80 /* SenTestingKit.framework */ = {isa = PBXFileReference; lastKnownFileType = wrapper.framework; name = SenTestingKit.framework; path = Library/Frameworks/SenTestingKit.framework; sourceTree = DEVELOPER_DIR; };
		0A2394ED15BEEAB80070DA80 /* podstestTests-Info.plist */ = {isa = PBXFileReference; lastKnownFileType = text.plist.xml; path = "podstestTests-Info.plist"; sourceTree = "<group>"; };
		0A2394EF15BEEAB80070DA80 /* en */ = {isa = PBXFileReference; lastKnownFileType = text.plist.strings; name = en; path = en.lproj/InfoPlist.strings; sourceTree = "<group>"; };
		0A2394F115BEEAB80070DA80 /* podstestTests.h */ = {isa = PBXFileReference; lastKnownFileType = sourcecode.c.h; path = podstestTests.h; sourceTree = "<group>"; };
		0A2394F215BEEAB80070DA80 /* podstestTests.m */ = {isa = PBXFileReference; lastKnownFileType = sourcecode.c.objc; path = podstestTests.m; sourceTree = "<group>"; };
		364585E5664D466BB74BF871 /* libPods.a */ = {isa = PBXFileReference; explicitFileType = archive.ar; includeInIndex = 0; path = libPods.a; sourceTree = BUILT_PRODUCTS_DIR; };
/* End PBXFileReference section */

/* Begin PBXFrameworksBuildPhase section */
		0A2394BD15BEEAB80070DA80 /* Frameworks */ = {
			isa = PBXFrameworksBuildPhase;
			buildActionMask = 2147483647;
			files = (
				0A2394C515BEEAB80070DA80 /* UIKit.framework in Frameworks */,
				0A2394C715BEEAB80070DA80 /* Foundation.framework in Frameworks */,
				0A2394C915BEEAB80070DA80 /* CoreGraphics.framework in Frameworks */,
				2B973768C1A24F13A3D16B74 /* libPods.a in Frameworks */,
			);
			runOnlyForDeploymentPostprocessing = 0;
		};
		0A2394E015BEEAB80070DA80 /* Frameworks */ = {
			isa = PBXFrameworksBuildPhase;
			buildActionMask = 2147483647;
			files = (
				0A2394E615BEEAB80070DA80 /* SenTestingKit.framework in Frameworks */,
				0A2394E715BEEAB80070DA80 /* UIKit.framework in Frameworks */,
				0A2394E815BEEAB80070DA80 /* Foundation.framework in Frameworks */,
			);
			runOnlyForDeploymentPostprocessing = 0;
		};
/* End PBXFrameworksBuildPhase section */

/* Begin PBXGroup section */
		0A2394B515BEEAB70070DA80 = {
			isa = PBXGroup;
			children = (
				0A2394CA15BEEAB80070DA80 /* podstest */,
				0A2394EB15BEEAB80070DA80 /* podstestTests */,
				0A2394C315BEEAB80070DA80 /* Frameworks */,
				0A2394C115BEEAB80070DA80 /* Products */,
			);
			sourceTree = "<group>";
		};
		0A2394C115BEEAB80070DA80 /* Products */ = {
			isa = PBXGroup;
			children = (
				0A2394C015BEEAB80070DA80 /* podstest.app */,
				0A2394E415BEEAB80070DA80 /* podstestTests.octest */,
			);
			name = Products;
			sourceTree = "<group>";
		};
		0A2394C315BEEAB80070DA80 /* Frameworks */ = {
			isa = PBXGroup;
			children = (
				0A2394C415BEEAB80070DA80 /* UIKit.framework */,
				0A2394C615BEEAB80070DA80 /* Foundation.framework */,
				0A2394C815BEEAB80070DA80 /* CoreGraphics.framework */,
				0A2394E515BEEAB80070DA80 /* SenTestingKit.framework */,
				364585E5664D466BB74BF871 /* libPods.a */,
			);
			name = Frameworks;
			sourceTree = "<group>";
		};
		0A2394CA15BEEAB80070DA80 /* podstest */ = {
			isa = PBXGroup;
			children = (
				0A2394D315BEEAB80070DA80 /* AppDelegate.h */,
				0A2394D415BEEAB80070DA80 /* AppDelegate.m */,
				0A2394D615BEEAB80070DA80 /* MainStoryboard_iPhone.storyboard */,
				0A2394D915BEEAB80070DA80 /* MainStoryboard_iPad.storyboard */,
				0A2394DC15BEEAB80070DA80 /* ViewController.h */,
				0A2394DD15BEEAB80070DA80 /* ViewController.m */,
				0A2394CB15BEEAB80070DA80 /* Supporting Files */,
			);
			path = podstest;
			sourceTree = "<group>";
		};
		0A2394CB15BEEAB80070DA80 /* Supporting Files */ = {
			isa = PBXGroup;
			children = (
				0A2394CC15BEEAB80070DA80 /* podstest-Info.plist */,
				0A2394CD15BEEAB80070DA80 /* InfoPlist.strings */,
				0A2394D015BEEAB80070DA80 /* main.m */,
				0A2394D215BEEAB80070DA80 /* podstest-Prefix.pch */,
			);
			name = "Supporting Files";
			sourceTree = "<group>";
		};
		0A2394EB15BEEAB80070DA80 /* podstestTests */ = {
			isa = PBXGroup;
			children = (
				0A2394F115BEEAB80070DA80 /* podstestTests.h */,
				0A2394F215BEEAB80070DA80 /* podstestTests.m */,
				0A2394EC15BEEAB80070DA80 /* Supporting Files */,
			);
			path = podstestTests;
			sourceTree = "<group>";
		};
		0A2394EC15BEEAB80070DA80 /* Supporting Files */ = {
			isa = PBXGroup;
			children = (
				0A2394ED15BEEAB80070DA80 /* podstestTests-Info.plist */,
				0A2394EE15BEEAB80070DA80 /* InfoPlist.strings */,
			);
			name = "Supporting Files";
			sourceTree = "<group>";
		};
/* End PBXGroup section */

/* Begin PBXNativeTarget section */
		0A2394BF15BEEAB80070DA80 /* podstest */ = {
			isa = PBXNativeTarget;
			buildConfigurationList = 0A2394F615BEEAB80070DA80 /* Build configuration list for PBXNativeTarget "podstest" */;
			buildPhases = (
				0A2394BC15BEEAB80070DA80 /* Sources */,
				0A2394BD15BEEAB80070DA80 /* Frameworks */,
				0A2394BE15BEEAB80070DA80 /* Resources */,
				6DFB2AEEC99A415C9AA28CCA /* Copy Pods Resources */,
			);
			buildRules = (
			);
			dependencies = (
			);
			name = podstest;
			productName = podstest;
			productReference = 0A2394C015BEEAB80070DA80 /* podstest.app */;
			productType = "com.apple.product-type.application";
		};
		0A2394E315BEEAB80070DA80 /* podstestTests */ = {
			isa = PBXNativeTarget;
			buildConfigurationList = 0A2394F915BEEAB80070DA80 /* Build configuration list for PBXNativeTarget "podstestTests" */;
			buildPhases = (
				0A2394DF15BEEAB80070DA80 /* Sources */,
				0A2394E015BEEAB80070DA80 /* Frameworks */,
				0A2394E115BEEAB80070DA80 /* Resources */,
				0A2394E215BEEAB80070DA80 /* ShellScript */,
			);
			buildRules = (
			);
			dependencies = (
				0A2394EA15BEEAB80070DA80 /* PBXTargetDependency */,
			);
			name = podstestTests;
			productName = podstestTests;
			productReference = 0A2394E415BEEAB80070DA80 /* podstestTests.octest */;
			productType = "com.apple.product-type.bundle";
		};
/* End PBXNativeTarget section */

/* Begin PBXProject section */
		0A2394B715BEEAB70070DA80 /* Project object */ = {
			isa = PBXProject;
			attributes = {
				LastUpgradeCheck = 0420;
				ORGANIZATIONNAME = card.io;
			};
			buildConfigurationList = 0A2394BA15BEEAB70070DA80 /* Build configuration list for PBXProject "podstest" */;
			compatibilityVersion = "Xcode 3.2";
			developmentRegion = English;
			hasScannedForEncodings = 0;
			knownRegions = (
				en,
			);
			mainGroup = 0A2394B515BEEAB70070DA80;
			productRefGroup = 0A2394C115BEEAB80070DA80 /* Products */;
			projectDirPath = "";
			projectRoot = "";
			targets = (
				0A2394BF15BEEAB80070DA80 /* podstest */,
				0A2394E315BEEAB80070DA80 /* podstestTests */,
			);
		};
/* End PBXProject section */

/* Begin PBXResourcesBuildPhase section */
		0A2394BE15BEEAB80070DA80 /* Resources */ = {
			isa = PBXResourcesBuildPhase;
			buildActionMask = 2147483647;
			files = (
				0A2394CF15BEEAB80070DA80 /* InfoPlist.strings in Resources */,
				0A2394D815BEEAB80070DA80 /* MainStoryboard_iPhone.storyboard in Resources */,
				0A2394DB15BEEAB80070DA80 /* MainStoryboard_iPad.storyboard in Resources */,
			);
			runOnlyForDeploymentPostprocessing = 0;
		};
		0A2394E115BEEAB80070DA80 /* Resources */ = {
			isa = PBXResourcesBuildPhase;
			buildActionMask = 2147483647;
			files = (
				0A2394F015BEEAB80070DA80 /* InfoPlist.strings in Resources */,
			);
			runOnlyForDeploymentPostprocessing = 0;
		};
/* End PBXResourcesBuildPhase section */

/* Begin PBXShellScriptBuildPhase section */
		0A2394E215BEEAB80070DA80 /* ShellScript */ = {
			isa = PBXShellScriptBuildPhase;
			buildActionMask = 2147483647;
			files = (
			);
			inputPaths = (
			);
			outputPaths = (
			);
			runOnlyForDeploymentPostprocessing = 0;
			shellPath = /bin/sh;
			shellScript = "# Run the unit tests in this test bundle.\n\"${SYSTEM_DEVELOPER_DIR}/Tools/RunUnitTests\"\n";
		};
		6DFB2AEEC99A415C9AA28CCA /* Copy Pods Resources */ = {
			isa = PBXShellScriptBuildPhase;
			buildActionMask = 2147483647;
			files = (
			);
			inputPaths = (
			);
			name = "Copy Pods Resources";
			outputPaths = (
			);
			runOnlyForDeploymentPostprocessing = 0;
			shellPath = /bin/sh;
			shellScript = "\"${SRCROOT}/Pods/Pods-resources.sh\"\n";
		};
/* End PBXShellScriptBuildPhase section */

/* Begin PBXSourcesBuildPhase section */
		0A2394BC15BEEAB80070DA80 /* Sources */ = {
			isa = PBXSourcesBuildPhase;
			buildActionMask = 2147483647;
			files = (
				0A2394D115BEEAB80070DA80 /* main.m in Sources */,
				0A2394D515BEEAB80070DA80 /* AppDelegate.m in Sources */,
				0A2394DE15BEEAB80070DA80 /* ViewController.m in Sources */,
			);
			runOnlyForDeploymentPostprocessing = 0;
		};
		0A2394DF15BEEAB80070DA80 /* Sources */ = {
			isa = PBXSourcesBuildPhase;
			buildActionMask = 2147483647;
			files = (
				0A2394F315BEEAB80070DA80 /* podstestTests.m in Sources */,
			);
			runOnlyForDeploymentPostprocessing = 0;
		};
/* End PBXSourcesBuildPhase section */

/* Begin PBXTargetDependency section */
		0A2394EA15BEEAB80070DA80 /* PBXTargetDependency */ = {
			isa = PBXTargetDependency;
			target = 0A2394BF15BEEAB80070DA80 /* podstest */;
			targetProxy = 0A2394E915BEEAB80070DA80 /* PBXContainerItemProxy */;
		};
/* End PBXTargetDependency section */

/* Begin PBXVariantGroup section */
		0A2394CD15BEEAB80070DA80 /* InfoPlist.strings */ = {
			isa = PBXVariantGroup;
			children = (
				0A2394CE15BEEAB80070DA80 /* en */,
			);
			name = InfoPlist.strings;
			sourceTree = "<group>";
		};
		0A2394D615BEEAB80070DA80 /* MainStoryboard_iPhone.storyboard */ = {
			isa = PBXVariantGroup;
			children = (
				0A2394D715BEEAB80070DA80 /* en */,
			);
			name = MainStoryboard_iPhone.storyboard;
			sourceTree = "<group>";
		};
		0A2394D915BEEAB80070DA80 /* MainStoryboard_iPad.storyboard */ = {
			isa = PBXVariantGroup;
			children = (
				0A2394DA15BEEAB80070DA80 /* en */,
			);
			name = MainStoryboard_iPad.storyboard;
			sourceTree = "<group>";
		};
		0A2394EE15BEEAB80070DA80 /* InfoPlist.strings */ = {
			isa = PBXVariantGroup;
			children = (
				0A2394EF15BEEAB80070DA80 /* en */,
			);
			name = InfoPlist.strings;
			sourceTree = "<group>";
		};
/* End PBXVariantGroup section */

/* Begin XCBuildConfiguration section */
		0A2394F415BEEAB80070DA80 /* Debug */ = {
			isa = XCBuildConfiguration;
			buildSettings = {
				ALWAYS_SEARCH_USER_PATHS = NO;
				ARCHS = "$(ARCHS_STANDARD_32_BIT)";
				CLANG_ENABLE_OBJC_ARC = YES;
				"CODE_SIGN_IDENTITY[sdk=iphoneos*]" = "iPhone Developer";
				COPY_PHASE_STRIP = NO;
				GCC_C_LANGUAGE_STANDARD = gnu99;
				GCC_DYNAMIC_NO_PIC = NO;
				GCC_OPTIMIZATION_LEVEL = 0;
				GCC_PREPROCESSOR_DEFINITIONS = (
					"DEBUG=1",
					"$(inherited)",
				);
				GCC_SYMBOLS_PRIVATE_EXTERN = NO;
				GCC_VERSION = com.apple.compilers.llvm.clang.1_0;
				GCC_WARN_ABOUT_MISSING_PROTOTYPES = YES;
				GCC_WARN_ABOUT_RETURN_TYPE = YES;
				GCC_WARN_UNUSED_VARIABLE = YES;
				IPHONEOS_DEPLOYMENT_TARGET = 5.0;
				SDKROOT = iphoneos;
				TARGETED_DEVICE_FAMILY = "1,2";
			};
			name = Debug;
		};
		0A2394F515BEEAB80070DA80 /* Release */ = {
			isa = XCBuildConfiguration;
			buildSettings = {
				ALWAYS_SEARCH_USER_PATHS = NO;
				ARCHS = "$(ARCHS_STANDARD_32_BIT)";
				CLANG_ENABLE_OBJC_ARC = YES;
				"CODE_SIGN_IDENTITY[sdk=iphoneos*]" = "iPhone Developer";
				COPY_PHASE_STRIP = YES;
				GCC_C_LANGUAGE_STANDARD = gnu99;
				GCC_VERSION = com.apple.compilers.llvm.clang.1_0;
				GCC_WARN_ABOUT_MISSING_PROTOTYPES = YES;
				GCC_WARN_ABOUT_RETURN_TYPE = YES;
				GCC_WARN_UNUSED_VARIABLE = YES;
				IPHONEOS_DEPLOYMENT_TARGET = 5.0;
				OTHER_CFLAGS = "-DNS_BLOCK_ASSERTIONS=1";
				SDKROOT = iphoneos;
				TARGETED_DEVICE_FAMILY = "1,2";
				VALIDATE_PRODUCT = YES;
			};
			name = Release;
		};
		0A2394F715BEEAB80070DA80 /* Debug */ = {
			isa = XCBuildConfiguration;
			buildSettings = {
				GCC_PRECOMPILE_PREFIX_HEADER = YES;
				GCC_PREFIX_HEADER = "podstest/podstest-Prefix.pch";
				INFOPLIST_FILE = "podstest/podstest-Info.plist";
				PRODUCT_NAME = "$(TARGET_NAME)";
				WRAPPER_EXTENSION = app;
			};
			name = Debug;
		};
		0A2394F815BEEAB80070DA80 /* Release */ = {
			isa = XCBuildConfiguration;
			buildSettings = {
				GCC_PRECOMPILE_PREFIX_HEADER = YES;
				GCC_PREFIX_HEADER = "podstest/podstest-Prefix.pch";
				INFOPLIST_FILE = "podstest/podstest-Info.plist";
				PRODUCT_NAME = "$(TARGET_NAME)";
				WRAPPER_EXTENSION = app;
			};
			name = Release;
		};
		0A2394FA15BEEAB80070DA80 /* Debug */ = {
			isa = XCBuildConfiguration;
			buildSettings = {
				BUNDLE_LOADER = "$(BUILT_PRODUCTS_DIR)/podstest.app/podstest";
				FRAMEWORK_SEARCH_PATHS = (
					"$(SDKROOT)/Developer/Library/Frameworks",
					"$(DEVELOPER_LIBRARY_DIR)/Frameworks",
				);
				GCC_PRECOMPILE_PREFIX_HEADER = YES;
				GCC_PREFIX_HEADER = "podstest/podstest-Prefix.pch";
				INFOPLIST_FILE = "podstestTests/podstestTests-Info.plist";
				PRODUCT_NAME = "$(TARGET_NAME)";
				TEST_HOST = "$(BUNDLE_LOADER)";
				WRAPPER_EXTENSION = octest;
			};
			name = Debug;
		};
		0A2394FB15BEEAB80070DA80 /* Release */ = {
			isa = XCBuildConfiguration;
			buildSettings = {
				BUNDLE_LOADER = "$(BUILT_PRODUCTS_DIR)/podstest.app/podstest";
				FRAMEWORK_SEARCH_PATHS = (
					"$(SDKROOT)/Developer/Library/Frameworks",
					"$(DEVELOPER_LIBRARY_DIR)/Frameworks",
				);
				GCC_PRECOMPILE_PREFIX_HEADER = YES;
				GCC_PREFIX_HEADER = "podstest/podstest-Prefix.pch";
				INFOPLIST_FILE = "podstestTests/podstestTests-Info.plist";
				PRODUCT_NAME = "$(TARGET_NAME)";
				TEST_HOST = "$(BUNDLE_LOADER)";
				WRAPPER_EXTENSION = octest;
			};
			name = Release;
		};
/* End XCBuildConfiguration section */

/* Begin XCConfigurationList section */
		0A2394BA15BEEAB70070DA80 /* Build configuration list for PBXProject "podstest" */ = {
			isa = XCConfigurationList;
			buildConfigurations = (
				0A2394F415BEEAB80070DA80 /* Debug */,
				0A2394F515BEEAB80070DA80 /* Release */,
			);
			defaultConfigurationIsVisible = 0;
			defaultConfigurationName = Release;
		};
		0A2394F615BEEAB80070DA80 /* Build configuration list for PBXNativeTarget "podstest" */ = {
			isa = XCConfigurationList;
			buildConfigurations = (
				0A2394F715BEEAB80070DA80 /* Debug */,
				0A2394F815BEEAB80070DA80 /* Release */,
			);
			defaultConfigurationIsVisible = 0;
			defaultConfigurationName = Release;
		};
		0A2394F915BEEAB80070DA80 /* Build configuration list for PBXNativeTarget "podstestTests" */ = {
			isa = XCConfigurationList;
			buildConfigurations = (
				0A2394FA15BEEAB80070DA80 /* Debug */,
				0A2394FB15BEEAB80070DA80 /* Release */,
			);
			defaultConfigurationIsVisible = 0;
			defaultConfigurationName = Release;
		};
/* End XCConfigurationList section */
	};
	rootObject = 0A2394B715BEEAB70070DA80 /* Project object */;
}
